<?xml version="1.0" encoding="utf-8"?>
<Project ToolsVersion="4.0" xmlns="http://schemas.microsoft.com/developer/msbuild/2003">
  <ItemGroup>
    <ClCompile Include="Quick.cpp" />
    <ClCompile Include="String.cpp" />
    <ClCompile Include="Modules\export_descr_sounds_units_voice.cpp">
      <Filter>Modules</Filter>
    </ClCompile>
    <ClCompile Include="Gadget.cpp" />
    <ClCompile Include="Modules\battle_models.cpp">
      <Filter>Modules</Filter>
    </ClCompile>
    <ClCompile Include="Modules\export_descr_unit.cpp">
      <Filter>Modules</Filter>
    </ClCompile>
    <ClCompile Include="StringBin\StringsBin.cpp">
      <Filter>StringBin</Filter>
    </ClCompile>
  </ItemGroup>
  <ItemGroup>
    <ClInclude Include="String.hpp" />
    <ClInclude Include="Modules\export_descr_sounds_units_voice.hpp">
      <Filter>Modules</Filter>
    </ClInclude>
    <ClInclude Include="Modules\battle_models.hpp">
      <Filter>Modules</Filter>
    </ClInclude>
    <ClInclude Include="Modules\export_descr_unit.hpp">
      <Filter>Modules</Filter>
    </ClInclude>
    <ClInclude Include="StringBin\StringBin.hpp">
      <Filter>StringBin</Filter>
    </ClInclude>
  </ItemGroup>
  <ItemGroup>
    <Filter Include="Modules">
      <UniqueIdentifier>{2ae73a1d-af27-470d-9224-28b19ed3837e}</UniqueIdentifier>
    </Filter>
    <Filter Include="StringBin">
      <UniqueIdentifier>{fb68bb32-44ee-4ac1-a813-4e7ef859776c}</UniqueIdentifier>
    </Filter>
  </ItemGroup>
  <ItemGroup>
    <Natvis Include="String.natvis" />
  </ItemGroup>
</Project>