<?xml version="1.0" encoding="utf-8"?>
<Project ToolsVersion="4.0" xmlns="http://schemas.microsoft.com/developer/msbuild/2003">
  <ItemGroup>
    <Filter Include="GUIXMLEditor">
      <UniqueIdentifier>{fa30c831-2c72-4e71-b649-6d715a1a3756}</UniqueIdentifier>
    </Filter>
    <Filter Include="Hydrogenium">
      <UniqueIdentifier>{cfa0a8bb-3c04-457d-9af0-291b3bb9786f}</UniqueIdentifier>
    </Filter>
    <Filter Include="glad">
      <UniqueIdentifier>{1faf8f85-16f9-4574-9331-7e3e1959c17c}</UniqueIdentifier>
    </Filter>
    <Filter Include="ImGui">
      <UniqueIdentifier>{d20e28ea-c0e0-4392-8961-4aaa26438a6c}</UniqueIdentifier>
    </Filter>
  </ItemGroup>
  <ItemGroup>
    <ClCompile Include="Main.cpp">
      <Filter>GUIXMLEditor</Filter>
    </ClCompile>
    <ClCompile Include="..\..\Hydrogenium\UtlArithmetic.ixx">
      <Filter>Hydrogenium</Filter>
    </ClCompile>
    <ClCompile Include="..\..\Hydrogenium\UtlBuffer.ixx">
      <Filter>Hydrogenium</Filter>
    </ClCompile>
    <ClCompile Include="..\..\Hydrogenium\UtlColor.ixx">
      <Filter>Hydrogenium</Filter>
    </ClCompile>
    <ClCompile Include="..\..\Hydrogenium\UtlConcepts.ixx">
      <Filter>Hydrogenium</Filter>
    </ClCompile>
    <ClCompile Include="..\..\Hydrogenium\UtlFileSystem.ixx">
      <Filter>Hydrogenium</Filter>
    </ClCompile>
    <ClCompile Include="..\..\Hydrogenium\UtlFunction.ixx">
      <Filter>Hydrogenium</Filter>
    </ClCompile>
    <ClCompile Include="..\..\Hydrogenium\UtlKeyValues.ixx">
      <Filter>Hydrogenium</Filter>
    </ClCompile>
    <ClCompile Include="..\..\Hydrogenium\UtlLinearAlgebra.ixx">
      <Filter>Hydrogenium</Filter>
    </ClCompile>
    <ClCompile Include="..\..\Hydrogenium\UtlRandom.ixx">
      <Filter>Hydrogenium</Filter>
    </ClCompile>
    <ClCompile Include="..\..\Hydrogenium\UtlString.ixx">
      <Filter>Hydrogenium</Filter>
    </ClCompile>
    <ClCompile Include="..\..\Hydrogenium\UtlWinConsole.ixx">
      <Filter>Hydrogenium</Filter>
    </ClCompile>
    <ClCompile Include="..\glad\src\glad.c">
      <Filter>glad</Filter>
    </ClCompile>
  </ItemGroup>
  <ItemGroup>
    <ClInclude Include="..\..\Hydrogenium\ScopedEnumOperator.hpp">
      <Filter>Hydrogenium</Filter>
    </ClInclude>
    <ClInclude Include="..\..\Hydrogenium\UtlFormatter.hpp">
      <Filter>Hydrogenium</Filter>
    </ClInclude>
    <ClInclude Include="..\glad\include\glad\glad.h">
      <Filter>glad</Filter>
    </ClInclude>
    <ClInclude Include="..\glad\include\KHR\khrplatform.h">
      <Filter>glad</Filter>
    </ClInclude>
  </ItemGroup>
</Project>